// !$*UTF8*$!
{
	archiveVersion = 1;
	classes = {
	};
	objectVersion = 55;
	objects = {

/* Begin PBXBuildFile section */
		521A24E028B26A55008CA686 /* SceneDelegate.m in Sources */ = {isa = PBXBuildFile; fileRef = 521A24D328B26A54008CA686 /* SceneDelegate.m */; };
		521A24E128B26A55008CA686 /* Assets.xcassets in Resources */ = {isa = PBXBuildFile; fileRef = 521A24D428B26A54008CA686 /* Assets.xcassets */; };
		521A24E228B26A55008CA686 /* AppDelegate.m in Sources */ = {isa = PBXBuildFile; fileRef = 521A24D528B26A54008CA686 /* AppDelegate.m */; };
		521A24E628B26A55008CA686 /* main.m in Sources */ = {isa = PBXBuildFile; fileRef = 521A24DB28B26A55008CA686 /* main.m */; };
		521A24F028B26AC7008CA686 /* ViewController.m in Sources */ = {isa = PBXBuildFile; fileRef = 521A24EE28B26AC7008CA686 /* ViewController.m */; };
		52B2528328B26DC700977DF5 /* Neumophic.m in Sources */ = {isa = PBXBuildFile; fileRef = 52B2528028B26DC700977DF5 /* Neumophic.m */; };
		52B2528428B26DC700977DF5 /* Main.storyboard in Resources */ = {isa = PBXBuildFile; fileRef = 52B2528128B26DC700977DF5 /* Main.storyboard */; };
		52B2528628B26FA700977DF5 /* TetrisGameModel.m in Sources */ = {isa = PBXBuildFile; fileRef = 52BDB3AA28B26C8800022FC0 /* TetrisGameModel.m */; };
		52B2528728B26FAB00977DF5 /* TetrominoModel.m in Sources */ = {isa = PBXBuildFile; fileRef = 52BDB3AE28B26C8800022FC0 /* TetrominoModel.m */; };
		52B2528828B26FAD00977DF5 /* BlockStructures.m in Sources */ = {isa = PBXBuildFile; fileRef = 52BDB3AF28B26C8800022FC0 /* BlockStructures.m */; };
		52B2528A28B2704700977DF5 /* tetris.mp3 in Resources */ = {isa = PBXBuildFile; fileRef = 52B2528928B2704700977DF5 /* tetris.mp3 */; };
		52BDB3A428B26C1100022FC0 /* TetrisGameViewModel.m in Sources */ = {isa = PBXBuildFile; fileRef = 52BDB3A228B26C1100022FC0 /* TetrisGameViewModel.m */; };
/* End PBXBuildFile section */

/* Begin PBXFileReference section */
		521A24B728B269FB008CA686 /* Tetris.app */ = {isa = PBXFileReference; explicitFileType = wrapper.application; includeInIndex = 0; path = Tetris.app; sourceTree = BUILT_PRODUCTS_DIR; };
		521A24CB28B269FE008CA686 /* Info.plist */ = {isa = PBXFileReference; lastKnownFileType = text.plist.xml; path = Info.plist; sourceTree = "<group>"; };
		521A24D328B26A54008CA686 /* SceneDelegate.m */ = {isa = PBXFileReference; fileEncoding = 4; lastKnownFileType = sourcecode.c.objc; path = SceneDelegate.m; sourceTree = "<group>"; };
		521A24D428B26A54008CA686 /* Assets.xcassets */ = {isa = PBXFileReference; lastKnownFileType = folder.assetcatalog; path = Assets.xcassets; sourceTree = "<group>"; };
		521A24D528B26A54008CA686 /* AppDelegate.m */ = {isa = PBXFileReference; fileEncoding = 4; lastKnownFileType = sourcecode.c.objc; path = AppDelegate.m; sourceTree = "<group>"; };
		521A24D628B26A54008CA686 /* SceneDelegate.h */ = {isa = PBXFileReference; fileEncoding = 4; lastKnownFileType = sourcecode.c.h; path = SceneDelegate.h; sourceTree = "<group>"; };
		521A24D928B26A55008CA686 /* AppDelegate.h */ = {isa = PBXFileReference; fileEncoding = 4; lastKnownFileType = sourcecode.c.h; path = AppDelegate.h; sourceTree = "<group>"; };
		521A24DB28B26A55008CA686 /* main.m */ = {isa = PBXFileReference; fileEncoding = 4; lastKnownFileType = sourcecode.c.objc; path = main.m; sourceTree = "<group>"; };
		521A24EE28B26AC7008CA686 /* ViewController.m */ = {isa = PBXFileReference; lastKnownFileType = sourcecode.c.objc; path = ViewController.m; sourceTree = "<group>"; };
		521A24EF28B26AC7008CA686 /* ViewController.h */ = {isa = PBXFileReference; lastKnownFileType = sourcecode.c.h; path = ViewController.h; sourceTree = "<group>"; };
		52B2527F28B26DC700977DF5 /* Neumophic.h */ = {isa = PBXFileReference; fileEncoding = 4; lastKnownFileType = sourcecode.c.h; path = Neumophic.h; sourceTree = "<group>"; };
		52B2528028B26DC700977DF5 /* Neumophic.m */ = {isa = PBXFileReference; fileEncoding = 4; lastKnownFileType = sourcecode.c.objc; path = Neumophic.m; sourceTree = "<group>"; };
		52B2528128B26DC700977DF5 /* Main.storyboard */ = {isa = PBXFileReference; fileEncoding = 4; lastKnownFileType = file.storyboard; path = Main.storyboard; sourceTree = "<group>"; };
		52B2528528B26F3500977DF5 /* LaunchScreen.storyboard */ = {isa = PBXFileReference; lastKnownFileType = file.storyboard; path = LaunchScreen.storyboard; sourceTree = "<group>"; };
		52B2528928B2704700977DF5 /* tetris.mp3 */ = {isa = PBXFileReference; lastKnownFileType = audio.mp3; path = tetris.mp3; sourceTree = "<group>"; };
		52BDB3A228B26C1100022FC0 /* TetrisGameViewModel.m */ = {isa = PBXFileReference; lastKnownFileType = sourcecode.c.objc; path = TetrisGameViewModel.m; sourceTree = "<group>"; };
		52BDB3A328B26C1100022FC0 /* TetrisGameViewModel.h */ = {isa = PBXFileReference; lastKnownFileType = sourcecode.c.h; path = TetrisGameViewModel.h; sourceTree = "<group>"; };
		52BDB3AA28B26C8800022FC0 /* TetrisGameModel.m */ = {isa = PBXFileReference; lastKnownFileType = sourcecode.c.objc; path = TetrisGameModel.m; sourceTree = "<group>"; };
		52BDB3AB28B26C8800022FC0 /* TetrominoModel.h */ = {isa = PBXFileReference; lastKnownFileType = sourcecode.c.h; path = TetrominoModel.h; sourceTree = "<group>"; };
		52BDB3AC28B26C8800022FC0 /* BlockStructures.h */ = {isa = PBXFileReference; lastKnownFileType = sourcecode.c.h; path = BlockStructures.h; sourceTree = "<group>"; };
		52BDB3AD28B26C8800022FC0 /* TetrisGameModel.h */ = {isa = PBXFileReference; lastKnownFileType = sourcecode.c.h; path = TetrisGameModel.h; sourceTree = "<group>"; };
		52BDB3AE28B26C8800022FC0 /* TetrominoModel.m */ = {isa = PBXFileReference; lastKnownFileType = sourcecode.c.objc; path = TetrominoModel.m; sourceTree = "<group>"; };
		52BDB3AF28B26C8800022FC0 /* BlockStructures.m */ = {isa = PBXFileReference; lastKnownFileType = sourcecode.c.objc; path = BlockStructures.m; sourceTree = "<group>"; };
/* End PBXFileReference section */

/* Begin PBXFrameworksBuildPhase section */
		521A24B428B269FB008CA686 /* Frameworks */ = {
			isa = PBXFrameworksBuildPhase;
			buildActionMask = 2147483647;
			files = (
			);
			runOnlyForDeploymentPostprocessing = 0;
		};
/* End PBXFrameworksBuildPhase section */

/* Begin PBXGroup section */
		521A24AE28B269FB008CA686 = {
			isa = PBXGroup;
			children = (
				521A24B928B269FB008CA686 /* Tetris */,
				521A24B828B269FB008CA686 /* Products */,
			);
			sourceTree = "<group>";
		};
		521A24B828B269FB008CA686 /* Products */ = {
			isa = PBXGroup;
			children = (
				521A24B728B269FB008CA686 /* Tetris.app */,
			);
			name = Products;
			sourceTree = "<group>";
		};
		521A24B928B269FB008CA686 /* Tetris */ = {
			isa = PBXGroup;
			children = (
				521A24DB28B26A55008CA686 /* main.m */,
				521A24D628B26A54008CA686 /* SceneDelegate.h */,
				521A24D328B26A54008CA686 /* SceneDelegate.m */,
				521A24CB28B269FE008CA686 /* Info.plist */,
				521A24D928B26A55008CA686 /* AppDelegate.h */,
				521A24D528B26A54008CA686 /* AppDelegate.m */,
				521A24D428B26A54008CA686 /* Assets.xcassets */,
				52B2528B28B2706F00977DF5 /* Audios */,
				52BDB3B528B26CA300022FC0 /* Views */,
				52BDB3A628B26C4200022FC0 /* ViewModels */,
				52BDB3A928B26C8800022FC0 /* Models */,
				52BDB3A728B26C5B00022FC0 /* Controllers */,
			);
			path = Tetris;
			sourceTree = "<group>";
		};
		52B2528B28B2706F00977DF5 /* Audios */ = {
			isa = PBXGroup;
			children = (
				52B2528928B2704700977DF5 /* tetris.mp3 */,
			);
			path = Audios;
			sourceTree = "<group>";
		};
		52BDB3A628B26C4200022FC0 /* ViewModels */ = {
			isa = PBXGroup;
			children = (
				52BDB3A328B26C1100022FC0 /* TetrisGameViewModel.h */,
				52BDB3A228B26C1100022FC0 /* TetrisGameViewModel.m */,
			);
			path = ViewModels;
			sourceTree = "<group>";
		};
		52BDB3A728B26C5B00022FC0 /* Controllers */ = {
			isa = PBXGroup;
			children = (
				521A24EF28B26AC7008CA686 /* ViewController.h */,
				521A24EE28B26AC7008CA686 /* ViewController.m */,
			);
			path = Controllers;
			sourceTree = "<group>";
		};
		52BDB3A928B26C8800022FC0 /* Models */ = {
			isa = PBXGroup;
			children = (
				52BDB3AA28B26C8800022FC0 /* TetrisGameModel.m */,
				52BDB3AB28B26C8800022FC0 /* TetrominoModel.h */,
				52BDB3AC28B26C8800022FC0 /* BlockStructures.h */,
				52BDB3AD28B26C8800022FC0 /* TetrisGameModel.h */,
				52BDB3AE28B26C8800022FC0 /* TetrominoModel.m */,
				52BDB3AF28B26C8800022FC0 /* BlockStructures.m */,
			);
			path = Models;
			sourceTree = "<group>";
		};
		52BDB3B528B26CA300022FC0 /* Views */ = {
			isa = PBXGroup;
			children = (
				52B2528528B26F3500977DF5 /* LaunchScreen.storyboard */,
				52B2528128B26DC700977DF5 /* Main.storyboard */,
				52B2527F28B26DC700977DF5 /* Neumophic.h */,
				52B2528028B26DC700977DF5 /* Neumophic.m */,
			);
			path = Views;
			sourceTree = "<group>";
		};
/* End PBXGroup section */

/* Begin PBXNativeTarget section */
		521A24B628B269FB008CA686 /* Tetris */ = {
			isa = PBXNativeTarget;
			buildConfigurationList = 521A24D028B269FE008CA686 /* Build configuration list for PBXNativeTarget "Tetris" */;
			buildPhases = (
				521A24B328B269FB008CA686 /* Sources */,
				521A24B428B269FB008CA686 /* Frameworks */,
				521A24B528B269FB008CA686 /* Resources */,
			);
			buildRules = (
			);
			dependencies = (
			);
			name = Tetris;
			productName = Tetris;
			productReference = 521A24B728B269FB008CA686 /* Tetris.app */;
			productType = "com.apple.product-type.application";
		};
/* End PBXNativeTarget section */

/* Begin PBXProject section */
		521A24AF28B269FB008CA686 /* Project object */ = {
			isa = PBXProject;
			attributes = {
				BuildIndependentTargetsInParallel = 1;
				LastUpgradeCheck = 1340;
				TargetAttributes = {
					521A24B628B269FB008CA686 = {
						CreatedOnToolsVersion = 13.4.1;
					};
				};
			};
			buildConfigurationList = 521A24B228B269FB008CA686 /* Build configuration list for PBXProject "Tetris" */;
			compatibilityVersion = "Xcode 13.0";
			developmentRegion = en;
			hasScannedForEncodings = 0;
			knownRegions = (
				en,
				Base,
			);
			mainGroup = 521A24AE28B269FB008CA686;
			productRefGroup = 521A24B828B269FB008CA686 /* Products */;
			projectDirPath = "";
			projectRoot = "";
			targets = (
				521A24B628B269FB008CA686 /* Tetris */,
			);
		};
/* End PBXProject section */

/* Begin PBXResourcesBuildPhase section */
		521A24B528B269FB008CA686 /* Resources */ = {
			isa = PBXResourcesBuildPhase;
			buildActionMask = 2147483647;
			files = (
				52B2528428B26DC700977DF5 /* Main.storyboard in Resources */,
				52B2528A28B2704700977DF5 /* tetris.mp3 in Resources */,
				521A24E128B26A55008CA686 /* Assets.xcassets in Resources */,
			);
			runOnlyForDeploymentPostprocessing = 0;
		};
/* End PBXResourcesBuildPhase section */

/* Begin PBXSourcesBuildPhase section */
		521A24B328B269FB008CA686 /* Sources */ = {
			isa = PBXSourcesBuildPhase;
			buildActionMask = 2147483647;
			files = (
				52B2528828B26FAD00977DF5 /* BlockStructures.m in Sources */,
				52B2528728B26FAB00977DF5 /* TetrominoModel.m in Sources */,
				52B2528628B26FA700977DF5 /* TetrisGameModel.m in Sources */,
				52B2528328B26DC700977DF5 /* Neumophic.m in Sources */,
				52BDB3A428B26C1100022FC0 /* TetrisGameViewModel.m in Sources */,
				521A24E228B26A55008CA686 /* AppDelegate.m in Sources */,
				521A24E628B26A55008CA686 /* main.m in Sources */,
				521A24F028B26AC7008CA686 /* ViewController.m in Sources */,
				521A24E028B26A55008CA686 /* SceneDelegate.m in Sources */,
			);
			runOnlyForDeploymentPostprocessing = 0;
		};
/* End PBXSourcesBuildPhase section */

/* Begin XCBuildConfiguration section */
		521A24CE28B269FE008CA686 /* Debug */ = {
			isa = XCBuildConfiguration;
			buildSettings = {
				ALWAYS_SEARCH_USER_PATHS = NO;
				CLANG_ANALYZER_NONNULL = YES;
				CLANG_ANALYZER_NUMBER_OBJECT_CONVERSION = YES_AGGRESSIVE;
				CLANG_CXX_LANGUAGE_STANDARD = "gnu++17";
				CLANG_ENABLE_MODULES = YES;
				CLANG_ENABLE_OBJC_ARC = YES;
				CLANG_ENABLE_OBJC_WEAK = YES;
				CLANG_WARN_BLOCK_CAPTURE_AUTORELEASING = YES;
				CLANG_WARN_BOOL_CONVERSION = YES;
				CLANG_WARN_COMMA = YES;
				CLANG_WARN_CONSTANT_CONVERSION = YES;
				CLANG_WARN_DEPRECATED_OBJC_IMPLEMENTATIONS = YES;
				CLANG_WARN_DIRECT_OBJC_ISA_USAGE = YES_ERROR;
				CLANG_WARN_DOCUMENTATION_COMMENTS = YES;
				CLANG_WARN_EMPTY_BODY = YES;
				CLANG_WARN_ENUM_CONVERSION = YES;
				CLANG_WARN_INFINITE_RECURSION = YES;
				CLANG_WARN_INT_CONVERSION = YES;
				CLANG_WARN_NON_LITERAL_NULL_CONVERSION = YES;
				CLANG_WARN_OBJC_IMPLICIT_RETAIN_SELF = YES;
				CLANG_WARN_OBJC_LITERAL_CONVERSION = YES;
				CLANG_WARN_OBJC_ROOT_CLASS = YES_ERROR;
				CLANG_WARN_QUOTED_INCLUDE_IN_FRAMEWORK_HEADER = YES;
				CLANG_WARN_RANGE_LOOP_ANALYSIS = YES;
				CLANG_WARN_STRICT_PROTOTYPES = YES;
				CLANG_WARN_SUSPICIOUS_MOVE = YES;
				CLANG_WARN_UNGUARDED_AVAILABILITY = YES_AGGRESSIVE;
				CLANG_WARN_UNREACHABLE_CODE = YES;
				CLANG_WARN__DUPLICATE_METHOD_MATCH = YES;
				COPY_PHASE_STRIP = NO;
				DEBUG_INFORMATION_FORMAT = dwarf;
				ENABLE_STRICT_OBJC_MSGSEND = YES;
				ENABLE_TESTABILITY = YES;
				GCC_C_LANGUAGE_STANDARD = gnu11;
				GCC_DYNAMIC_NO_PIC = NO;
				GCC_NO_COMMON_BLOCKS = YES;
				GCC_OPTIMIZATION_LEVEL = 0;
				GCC_PREPROCESSOR_DEFINITIONS = (
					"DEBUG=1",
					"$(inherited)",
				);
				GCC_WARN_64_TO_32_BIT_CONVERSION = YES;
				GCC_WARN_ABOUT_RETURN_TYPE = YES_ERROR;
				GCC_WARN_UNDECLARED_SELECTOR = YES;
				GCC_WARN_UNINITIALIZED_AUTOS = YES_AGGRESSIVE;
				GCC_WARN_UNUSED_FUNCTION = YES;
				GCC_WARN_UNUSED_VARIABLE = YES;
				IPHONEOS_DEPLOYMENT_TARGET = 15.5;
				MTL_ENABLE_DEBUG_INFO = INCLUDE_SOURCE;
				MTL_FAST_MATH = YES;
				ONLY_ACTIVE_ARCH = YES;
				SDKROOT = iphoneos;
			};
			name = Debug;
		};
		521A24CF28B269FE008CA686 /* Release */ = {
			isa = XCBuildConfiguration;
			buildSettings = {
				ALWAYS_SEARCH_USER_PATHS = NO;
				CLANG_ANALYZER_NONNULL = YES;
				CLANG_ANALYZER_NUMBER_OBJECT_CONVERSION = YES_AGGRESSIVE;
				CLANG_CXX_LANGUAGE_STANDARD = "gnu++17";
				CLANG_ENABLE_MODULES = YES;
				CLANG_ENABLE_OBJC_ARC = YES;
				CLANG_ENABLE_OBJC_WEAK = YES;
				CLANG_WARN_BLOCK_CAPTURE_AUTORELEASING = YES;
				CLANG_WARN_BOOL_CONVERSION = YES;
				CLANG_WARN_COMMA = YES;
				CLANG_WARN_CONSTANT_CONVERSION = YES;
				CLANG_WARN_DEPRECATED_OBJC_IMPLEMENTATIONS = YES;
				CLANG_WARN_DIRECT_OBJC_ISA_USAGE = YES_ERROR;
				CLANG_WARN_DOCUMENTATION_COMMENTS = YES;
				CLANG_WARN_EMPTY_BODY = YES;
				CLANG_WARN_ENUM_CONVERSION = YES;
				CLANG_WARN_INFINITE_RECURSION = YES;
				CLANG_WARN_INT_CONVERSION = YES;
				CLANG_WARN_NON_LITERAL_NULL_CONVERSION = YES;
				CLANG_WARN_OBJC_IMPLICIT_RETAIN_SELF = YES;
				CLANG_WARN_OBJC_LITERAL_CONVERSION = YES;
				CLANG_WARN_OBJC_ROOT_CLASS = YES_ERROR;
				CLANG_WARN_QUOTED_INCLUDE_IN_FRAMEWORK_HEADER = YES;
				CLANG_WARN_RANGE_LOOP_ANALYSIS = YES;
				CLANG_WARN_STRICT_PROTOTYPES = YES;
				CLANG_WARN_SUSPICIOUS_MOVE = YES;
				CLANG_WARN_UNGUARDED_AVAILABILITY = YES_AGGRESSIVE;
				CLANG_WARN_UNREACHABLE_CODE = YES;
				CLANG_WARN__DUPLICATE_METHOD_MATCH = YES;
				COPY_PHASE_STRIP = NO;
				DEBUG_INFORMATION_FORMAT = "dwarf-with-dsym";
				ENABLE_NS_ASSERTIONS = NO;
				ENABLE_STRICT_OBJC_MSGSEND = YES;
				GCC_C_LANGUAGE_STANDARD = gnu11;
				GCC_NO_COMMON_BLOCKS = YES;
				GCC_WARN_64_TO_32_BIT_CONVERSION = YES;
				GCC_WARN_ABOUT_RETURN_TYPE = YES_ERROR;
				GCC_WARN_UNDECLARED_SELECTOR = YES;
				GCC_WARN_UNINITIALIZED_AUTOS = YES_AGGRESSIVE;
				GCC_WARN_UNUSED_FUNCTION = YES;
				GCC_WARN_UNUSED_VARIABLE = YES;
				IPHONEOS_DEPLOYMENT_TARGET = 15.5;
				MTL_ENABLE_DEBUG_INFO = NO;
				MTL_FAST_MATH = YES;
				SDKROOT = iphoneos;
				VALIDATE_PRODUCT = YES;
			};
			name = Release;
		};
		521A24D128B269FE008CA686 /* Debug */ = {
			isa = XCBuildConfiguration;
			buildSettings = {
				ASSETCATALOG_COMPILER_APPICON_NAME = AppIcon;
				ASSETCATALOG_COMPILER_GLOBAL_ACCENT_COLOR_NAME = AccentColor;
				CODE_SIGN_STYLE = Automatic;
				CURRENT_PROJECT_VERSION = 1;
				DEVELOPMENT_TEAM = L5Q92T34UB;
				GENERATE_INFOPLIST_FILE = YES;
				INFOPLIST_FILE = Tetris/Info.plist;
				INFOPLIST_KEY_UIApplicationSupportsIndirectInputEvents = YES;
				INFOPLIST_KEY_UILaunchStoryboardName = LaunchScreen;
				INFOPLIST_KEY_UIMainStoryboardFile = Main;
				INFOPLIST_KEY_UISupportedInterfaceOrientations_iPad = "UIInterfaceOrientationPortrait UIInterfaceOrientationPortraitUpsideDown UIInterfaceOrientationLandscapeLeft UIInterfaceOrientationLandscapeRight";
				INFOPLIST_KEY_UISupportedInterfaceOrientations_iPhone = "UIInterfaceOrientationPortrait UIInterfaceOrientationLandscapeLeft UIInterfaceOrientationLandscapeRight";
				LD_RUNPATH_SEARCH_PATHS = (
					"$(inherited)",
					"@executable_path/Frameworks",
				);
				MARKETING_VERSION = 1.0;
				PRODUCT_BUNDLE_IDENTIFIER = com.tianqi.Tetris;
				PRODUCT_NAME = "$(TARGET_NAME)";
				SWIFT_EMIT_LOC_STRINGS = YES;
				TARGETED_DEVICE_FAMILY = "1,2";
			};
			name = Debug;
		};
		521A24D228B269FE008CA686 /* Release */ = {
			isa = XCBuildConfiguration;
			buildSettings = {
				ASSETCATALOG_COMPILER_APPICON_NAME = AppIcon;
				ASSETCATALOG_COMPILER_GLOBAL_ACCENT_COLOR_NAME = AccentColor;
				CODE_SIGN_STYLE = Automatic;
				CURRENT_PROJECT_VERSION = 1;
				DEVELOPMENT_TEAM = L5Q92T34UB;
				GENERATE_INFOPLIST_FILE = YES;
				INFOPLIST_FILE = Tetris/Info.plist;
				INFOPLIST_KEY_UIApplicationSupportsIndirectInputEvents = YES;
				INFOPLIST_KEY_UILaunchStoryboardName = LaunchScreen;
				INFOPLIST_KEY_UIMainStoryboardFile = Main;
				INFOPLIST_KEY_UISupportedInterfaceOrientations_iPad = "UIInterfaceOrientationPortrait UIInterfaceOrientationPortraitUpsideDown UIInterfaceOrientationLandscapeLeft UIInterfaceOrientationLandscapeRight";
				INFOPLIST_KEY_UISupportedInterfaceOrientations_iPhone = "UIInterfaceOrientationPortrait UIInterfaceOrientationLandscapeLeft UIInterfaceOrientationLandscapeRight";
				LD_RUNPATH_SEARCH_PATHS = (
					"$(inherited)",
					"@executable_path/Frameworks",
				);
				MARKETING_VERSION = 1.0;
				PRODUCT_BUNDLE_IDENTIFIER = com.tianqi.Tetris;
				PRODUCT_NAME = "$(TARGET_NAME)";
				SWIFT_EMIT_LOC_STRINGS = YES;
				TARGETED_DEVICE_FAMILY = "1,2";
			};
			name = Release;
		};
/* End XCBuildConfiguration section */

/* Begin XCConfigurationList section */
		521A24B228B269FB008CA686 /* Build configuration list for PBXProject "Tetris" */ = {
			isa = XCConfigurationList;
			buildConfigurations = (
				521A24CE28B269FE008CA686 /* Debug */,
				521A24CF28B269FE008CA686 /* Release */,
			);
			defaultConfigurationIsVisible = 0;
			defaultConfigurationName = Release;
		};
		521A24D028B269FE008CA686 /* Build configuration list for PBXNativeTarget "Tetris" */ = {
			isa = XCConfigurationList;
			buildConfigurations = (
				521A24D128B269FE008CA686 /* Debug */,
				521A24D228B269FE008CA686 /* Release */,
			);
			defaultConfigurationIsVisible = 0;
			defaultConfigurationName = Release;
		};
/* End XCConfigurationList section */
	};
	rootObject = 521A24AF28B269FB008CA686 /* Project object */;
}
